
Microsoft Visual Studio Solution File, Format Version 12.00
Project("{FAE04EC0-301F-11D3-BF4B-00C04F79EFBC}") = "Gw2AddonManagement", "Gw2AddonManagement\Gw2AddonManagement.csproj", "{6F6CD539-EE7F-49AE-8E99-894D78E1C284}"
EndProject
Project("{FAE04EC0-301F-11D3-BF4B-00C04F79EFBC}") = "Gw2AddonManagement.Test", "Gw2AddonManagement.Test\Gw2AddonManagement.Test.csproj", "{B0AAC141-4B68-4786-9108-158B73789596}"
EndProject
Project("{2150E333-8FDC-42A3-9474-1A3956D46DE8}") = "Config", "Config", "{F9AAB492-6205-40C8-A533-0C64ADE25593}"
	ProjectSection(SolutionItems) = preProject
		.github\workflows\build.yml = .github\workflows\build.yml
		.github\workflows\release.yml = .github\workflows\release.yml
		.gitignore = .gitignore
		LICENSE = LICENSE
		README.md = README.md
	EndProjectSection
EndProject
Global
	GlobalSection(SolutionConfigurationPlatforms) = preSolution
		Debug|Any CPU = Debug|Any CPU
		Release|Any CPU = Release|Any CPU
	EndGlobalSection
	GlobalSection(ProjectConfigurationPlatforms) = postSolution
		{6F6CD539-EE7F-49AE-8E99-894D78E1C284}.Debug|Any CPU.ActiveCfg = Debug|Any CPU
		{6F6CD539-EE7F-49AE-8E99-894D78E1C284}.Debug|Any CPU.Build.0 = Debug|Any CPU
		{6F6CD539-EE7F-49AE-8E99-894D78E1C284}.Release|Any CPU.ActiveCfg = Release|Any CPU
		{6F6CD539-EE7F-49AE-8E99-894D78E1C284}.Release|Any CPU.Build.0 = Release|Any CPU
		{B0AAC141-4B68-4786-9108-158B73789596}.Debug|Any CPU.ActiveCfg = Debug|Any CPU
		{B0AAC141-4B68-4786-9108-158B73789596}.Debug|Any CPU.Build.0 = Debug|Any CPU
		{B0AAC141-4B68-4786-9108-158B73789596}.Release|Any CPU.ActiveCfg = Release|Any CPU
		{B0AAC141-4B68-4786-9108-158B73789596}.Release|Any CPU.Build.0 = Release|Any CPU
	EndGlobalSection
EndGlobal
